
Microsoft Visual Studio Solution File, Format Version 12.00
# Visual Studio Version 17
VisualStudioVersion = 17.2.32630.192
MinimumVisualStudioVersion = 10.0.40219.1
Project("{FAE04EC0-301F-11D3-BF4B-00C04F79EFBC}") = "CollectionViewTutorial.Android", "CollectionViewTutorial\CollectionViewTutorial.Android\CollectionViewTutorial.Android.csproj", "{C4BD0F8F-13D5-4517-B13E-D9C3DBB76E76}"
EndProject
Project("{FAE04EC0-301F-11D3-BF4B-00C04F79EFBC}") = "CollectionViewTutorial", "CollectionViewTutorial\CollectionViewTutorial\CollectionViewTutorial.csproj", "{FFA98099-A0CB-45DB-B02E-5A37D0E59E0E}"
EndProject
Global
	GlobalSection(SolutionConfigurationPlatforms) = preSolution
		Debug|Any CPU = Debug|Any CPU
		Release|Any CPU = Release|Any CPU
	EndGlobalSection
	GlobalSection(ProjectConfigurationPlatforms) = postSolution
		{C4BD0F8F-13D5-4517-B13E-D9C3DBB76E76}.Debug|Any CPU.ActiveCfg = Debug|Any CPU
		{C4BD0F8F-13D5-4517-B13E-D9C3DBB76E76}.Debug|Any CPU.Build.0 = Debug|Any CPU
		{C4BD0F8F-13D5-4517-B13E-D9C3DBB76E76}.Debug|Any CPU.Deploy.0 = Debug|Any CPU
		{C4BD0F8F-13D5-4517-B13E-D9C3DBB76E76}.Release|Any CPU.ActiveCfg = Release|Any CPU
		{C4BD0F8F-13D5-4517-B13E-D9C3DBB76E76}.Release|Any CPU.Build.0 = Release|Any CPU
		{C4BD0F8F-13D5-4517-B13E-D9C3DBB76E76}.Release|Any CPU.Deploy.0 = Release|Any CPU
		{FFA98099-A0CB-45DB-B02E-5A37D0E59E0E}.Debug|Any CPU.ActiveCfg = Debug|Any CPU
		{FFA98099-A0CB-45DB-B02E-5A37D0E59E0E}.Debug|Any CPU.Build.0 = Debug|Any CPU
		{FFA98099-A0CB-45DB-B02E-5A37D0E59E0E}.Debug|Any CPU.Deploy.0 = Debug|Any CPU
		{FFA98099-A0CB-45DB-B02E-5A37D0E59E0E}.Release|Any CPU.ActiveCfg = Release|Any CPU
		{FFA98099-A0CB-45DB-B02E-5A37D0E59E0E}.Release|Any CPU.Build.0 = Release|Any CPU
		{FFA98099-A0CB-45DB-B02E-5A37D0E59E0E}.Release|Any CPU.Deploy.0 = Release|Any CPU
	EndGlobalSection
	GlobalSection(SolutionProperties) = preSolution
		HideSolutionNode = FALSE
	EndGlobalSection
	GlobalSection(ExtensibilityGlobals) = postSolution
		SolutionGuid = {A4C5C2BB-C9D8-4159-B6C0-0DE649A30F4B}
	EndGlobalSection
EndGlobal
